// !$*UTF8*$!
{
	archiveVersion = 1;
	classes = {
	};
	objectVersion = 51;
	objects = {

/* Begin PBXBuildFile section */
		57F90F43C04054D417954E10 /* Pods_SuperMarketsTests.framework in Frameworks */ = {isa = PBXBuildFile; fileRef = 9A054DAD84F28BE961F12E24 /* Pods_SuperMarketsTests.framework */; };
		8743845922D751FB003333C9 /* AppDelegate.swift in Sources */ = {isa = PBXBuildFile; fileRef = 8743845822D751FB003333C9 /* AppDelegate.swift */; };
		8743845B22D751FB003333C9 /* SceneDelegate.swift in Sources */ = {isa = PBXBuildFile; fileRef = 8743845A22D751FB003333C9 /* SceneDelegate.swift */; };
		8743845D22D751FB003333C9 /* HomePage.swift in Sources */ = {isa = PBXBuildFile; fileRef = 8743845C22D751FB003333C9 /* HomePage.swift */; };
		8743846022D751FB003333C9 /* Preview Assets.xcassets in Resources */ = {isa = PBXBuildFile; fileRef = 8743845F22D751FB003333C9 /* Preview Assets.xcassets */; };
		8743846322D751FB003333C9 /* LaunchScreen.storyboard in Resources */ = {isa = PBXBuildFile; fileRef = 8743846122D751FB003333C9 /* LaunchScreen.storyboard */; };
		8743846E22D751FB003333C9 /* SuperMarketsTests.swift in Sources */ = {isa = PBXBuildFile; fileRef = 8743846D22D751FB003333C9 /* SuperMarketsTests.swift */; };
		8743847922D751FB003333C9 /* SuperMarketsUITests.swift in Sources */ = {isa = PBXBuildFile; fileRef = 8743847822D751FB003333C9 /* SuperMarketsUITests.swift */; };
		87D83A9F22D8788C00D0E21D /* MarketsModel.swift in Sources */ = {isa = PBXBuildFile; fileRef = 87D83A9C22D8788C00D0E21D /* MarketsModel.swift */; };
		87D83AA022D8788C00D0E21D /* Coordinate.swift in Sources */ = {isa = PBXBuildFile; fileRef = 87D83A9D22D8788C00D0E21D /* Coordinate.swift */; };
		87D83AA522D880C800D0E21D /* MarketsData.swift in Sources */ = {isa = PBXBuildFile; fileRef = 87D83AA422D880C800D0E21D /* MarketsData.swift */; };
		87FF1B6422D864DE00CFC19C /* MarketDetailsPage.swift in Sources */ = {isa = PBXBuildFile; fileRef = 87FF1B6322D864DE00CFC19C /* MarketDetailsPage.swift */; };
		CEE74F247645BEC242EA3757 /* Pods_SuperMarketsUITests.framework in Frameworks */ = {isa = PBXBuildFile; fileRef = 0997CC324DC2C15255B93865 /* Pods_SuperMarketsUITests.framework */; };
		D4209F32CFAFB3A8B4C7E7CA /* Pods_SuperMarkets.framework in Frameworks */ = {isa = PBXBuildFile; fileRef = 2CCBCFCE18E16A5E4BFED078 /* Pods_SuperMarkets.framework */; };
/* End PBXBuildFile section */

/* Begin PBXContainerItemProxy section */
		8743846A22D751FB003333C9 /* PBXContainerItemProxy */ = {
			isa = PBXContainerItemProxy;
			containerPortal = 8743844D22D751FB003333C9 /* Project object */;
			proxyType = 1;
			remoteGlobalIDString = 8743845422D751FB003333C9;
			remoteInfo = SuperMarkets;
		};
		8743847522D751FB003333C9 /* PBXContainerItemProxy */ = {
			isa = PBXContainerItemProxy;
			containerPortal = 8743844D22D751FB003333C9 /* Project object */;
			proxyType = 1;
			remoteGlobalIDString = 8743845422D751FB003333C9;
			remoteInfo = SuperMarkets;
		};
/* End PBXContainerItemProxy section */

/* Begin PBXFileReference section */
		04EAE0A8CB6E783B2628F17A /* Pods-SuperMarketsUITests.release.xcconfig */ = {isa = PBXFileReference; includeInIndex = 1; lastKnownFileType = text.xcconfig; name = "Pods-SuperMarketsUITests.release.xcconfig"; path = "Target Support Files/Pods-SuperMarketsUITests/Pods-SuperMarketsUITests.release.xcconfig"; sourceTree = "<group>"; };
		0997CC324DC2C15255B93865 /* Pods_SuperMarketsUITests.framework */ = {isa = PBXFileReference; explicitFileType = wrapper.framework; includeInIndex = 0; path = Pods_SuperMarketsUITests.framework; sourceTree = BUILT_PRODUCTS_DIR; };
		2455C960975728D5E83FF75F /* Pods-SuperMarkets.release.xcconfig */ = {isa = PBXFileReference; includeInIndex = 1; lastKnownFileType = text.xcconfig; name = "Pods-SuperMarkets.release.xcconfig"; path = "Target Support Files/Pods-SuperMarkets/Pods-SuperMarkets.release.xcconfig"; sourceTree = "<group>"; };
		2CCBCFCE18E16A5E4BFED078 /* Pods_SuperMarkets.framework */ = {isa = PBXFileReference; explicitFileType = wrapper.framework; includeInIndex = 0; path = Pods_SuperMarkets.framework; sourceTree = BUILT_PRODUCTS_DIR; };
		62A2BE4C4AA9428CB7313B4D /* Pods-SuperMarkets.debug.xcconfig */ = {isa = PBXFileReference; includeInIndex = 1; lastKnownFileType = text.xcconfig; name = "Pods-SuperMarkets.debug.xcconfig"; path = "Target Support Files/Pods-SuperMarkets/Pods-SuperMarkets.debug.xcconfig"; sourceTree = "<group>"; };
		75259740294BCB75DF78D0AD /* Pods-SuperMarketsTests.release.xcconfig */ = {isa = PBXFileReference; includeInIndex = 1; lastKnownFileType = text.xcconfig; name = "Pods-SuperMarketsTests.release.xcconfig"; path = "Target Support Files/Pods-SuperMarketsTests/Pods-SuperMarketsTests.release.xcconfig"; sourceTree = "<group>"; };
		7957B4E0334D02930D5A8605 /* Pods-SuperMarketsUITests.debug.xcconfig */ = {isa = PBXFileReference; includeInIndex = 1; lastKnownFileType = text.xcconfig; name = "Pods-SuperMarketsUITests.debug.xcconfig"; path = "Target Support Files/Pods-SuperMarketsUITests/Pods-SuperMarketsUITests.debug.xcconfig"; sourceTree = "<group>"; };
		84A3C0F7E3880385D1AC0CF2 /* Pods-SuperMarketsTests.debug.xcconfig */ = {isa = PBXFileReference; includeInIndex = 1; lastKnownFileType = text.xcconfig; name = "Pods-SuperMarketsTests.debug.xcconfig"; path = "Target Support Files/Pods-SuperMarketsTests/Pods-SuperMarketsTests.debug.xcconfig"; sourceTree = "<group>"; };
		8743845522D751FB003333C9 /* SuperMarkets.app */ = {isa = PBXFileReference; explicitFileType = wrapper.application; includeInIndex = 0; path = SuperMarkets.app; sourceTree = BUILT_PRODUCTS_DIR; };
		8743845822D751FB003333C9 /* AppDelegate.swift */ = {isa = PBXFileReference; lastKnownFileType = sourcecode.swift; path = AppDelegate.swift; sourceTree = "<group>"; };
		8743845A22D751FB003333C9 /* SceneDelegate.swift */ = {isa = PBXFileReference; lastKnownFileType = sourcecode.swift; path = SceneDelegate.swift; sourceTree = "<group>"; };
		8743845C22D751FB003333C9 /* HomePage.swift */ = {isa = PBXFileReference; lastKnownFileType = sourcecode.swift; path = HomePage.swift; sourceTree = "<group>"; };
		8743845F22D751FB003333C9 /* Preview Assets.xcassets */ = {isa = PBXFileReference; lastKnownFileType = folder.assetcatalog; path = "Preview Assets.xcassets"; sourceTree = "<group>"; };
		8743846222D751FB003333C9 /* Base */ = {isa = PBXFileReference; lastKnownFileType = file.storyboard; name = Base; path = Base.lproj/LaunchScreen.storyboard; sourceTree = "<group>"; };
		8743846422D751FB003333C9 /* Info.plist */ = {isa = PBXFileReference; lastKnownFileType = text.plist.xml; path = Info.plist; sourceTree = "<group>"; };
		8743846922D751FB003333C9 /* SuperMarketsTests.xctest */ = {isa = PBXFileReference; explicitFileType = wrapper.cfbundle; includeInIndex = 0; path = SuperMarketsTests.xctest; sourceTree = BUILT_PRODUCTS_DIR; };
		8743846D22D751FB003333C9 /* SuperMarketsTests.swift */ = {isa = PBXFileReference; lastKnownFileType = sourcecode.swift; path = SuperMarketsTests.swift; sourceTree = "<group>"; };
		8743846F22D751FB003333C9 /* Info.plist */ = {isa = PBXFileReference; lastKnownFileType = text.plist.xml; path = Info.plist; sourceTree = "<group>"; };
		8743847422D751FB003333C9 /* SuperMarketsUITests.xctest */ = {isa = PBXFileReference; explicitFileType = wrapper.cfbundle; includeInIndex = 0; path = SuperMarketsUITests.xctest; sourceTree = BUILT_PRODUCTS_DIR; };
		8743847822D751FB003333C9 /* SuperMarketsUITests.swift */ = {isa = PBXFileReference; lastKnownFileType = sourcecode.swift; path = SuperMarketsUITests.swift; sourceTree = "<group>"; };
		8743847A22D751FB003333C9 /* Info.plist */ = {isa = PBXFileReference; lastKnownFileType = text.plist.xml; path = Info.plist; sourceTree = "<group>"; };
		87D83A9C22D8788C00D0E21D /* MarketsModel.swift */ = {isa = PBXFileReference; fileEncoding = 4; lastKnownFileType = sourcecode.swift; path = MarketsModel.swift; sourceTree = "<group>"; };
		87D83A9D22D8788C00D0E21D /* Coordinate.swift */ = {isa = PBXFileReference; fileEncoding = 4; lastKnownFileType = sourcecode.swift; path = Coordinate.swift; sourceTree = "<group>"; };
		87D83AA222D878D000D0E21D /* MarketsModel.json */ = {isa = PBXFileReference; lastKnownFileType = text.json; path = MarketsModel.json; sourceTree = "<group>"; };
		87D83AA422D880C800D0E21D /* MarketsData.swift */ = {isa = PBXFileReference; fileEncoding = 4; lastKnownFileType = sourcecode.swift; path = MarketsData.swift; sourceTree = "<group>"; };
		87FF1B6222D8608500CFC19C /* SuperMarkets.entitlements */ = {isa = PBXFileReference; lastKnownFileType = text.plist.entitlements; path = SuperMarkets.entitlements; sourceTree = "<group>"; };
		87FF1B6322D864DE00CFC19C /* MarketDetailsPage.swift */ = {isa = PBXFileReference; lastKnownFileType = sourcecode.swift; path = MarketDetailsPage.swift; sourceTree = "<group>"; };
		9A054DAD84F28BE961F12E24 /* Pods_SuperMarketsTests.framework */ = {isa = PBXFileReference; explicitFileType = wrapper.framework; includeInIndex = 0; path = Pods_SuperMarketsTests.framework; sourceTree = BUILT_PRODUCTS_DIR; };
/* End PBXFileReference section */

/* Begin PBXFrameworksBuildPhase section */
		8743845222D751FB003333C9 /* Frameworks */ = {
			isa = PBXFrameworksBuildPhase;
			buildActionMask = 2147483647;
			files = (
				D4209F32CFAFB3A8B4C7E7CA /* Pods_SuperMarkets.framework in Frameworks */,
			);
			runOnlyForDeploymentPostprocessing = 0;
		};
		8743846622D751FB003333C9 /* Frameworks */ = {
			isa = PBXFrameworksBuildPhase;
			buildActionMask = 2147483647;
			files = (
				57F90F43C04054D417954E10 /* Pods_SuperMarketsTests.framework in Frameworks */,
			);
			runOnlyForDeploymentPostprocessing = 0;
		};
		8743847122D751FB003333C9 /* Frameworks */ = {
			isa = PBXFrameworksBuildPhase;
			buildActionMask = 2147483647;
			files = (
				CEE74F247645BEC242EA3757 /* Pods_SuperMarketsUITests.framework in Frameworks */,
			);
			runOnlyForDeploymentPostprocessing = 0;
		};
/* End PBXFrameworksBuildPhase section */

/* Begin PBXGroup section */
		6B01C5EF7EBCC0C9FF83687E /* Frameworks */ = {
			isa = PBXGroup;
			children = (
				2CCBCFCE18E16A5E4BFED078 /* Pods_SuperMarkets.framework */,
				9A054DAD84F28BE961F12E24 /* Pods_SuperMarketsTests.framework */,
				0997CC324DC2C15255B93865 /* Pods_SuperMarketsUITests.framework */,
			);
			name = Frameworks;
			sourceTree = "<group>";
		};
		8743844C22D751FB003333C9 = {
			isa = PBXGroup;
			children = (
				8743845722D751FB003333C9 /* SuperMarkets */,
				8743846C22D751FB003333C9 /* SuperMarketsTests */,
				8743847722D751FB003333C9 /* SuperMarketsUITests */,
				8743845622D751FB003333C9 /* Products */,
				D5D0B7018BD2BC070C842F74 /* Pods */,
				6B01C5EF7EBCC0C9FF83687E /* Frameworks */,
			);
			sourceTree = "<group>";
		};
		8743845622D751FB003333C9 /* Products */ = {
			isa = PBXGroup;
			children = (
				8743845522D751FB003333C9 /* SuperMarkets.app */,
				8743846922D751FB003333C9 /* SuperMarketsTests.xctest */,
				8743847422D751FB003333C9 /* SuperMarketsUITests.xctest */,
			);
			name = Products;
			sourceTree = "<group>";
		};
		8743845722D751FB003333C9 /* SuperMarkets */ = {
			isa = PBXGroup;
			children = (
				87FF1B6222D8608500CFC19C /* SuperMarkets.entitlements */,
				8743845822D751FB003333C9 /* AppDelegate.swift */,
				8743845A22D751FB003333C9 /* SceneDelegate.swift */,
				8743845C22D751FB003333C9 /* HomePage.swift */,
				87FF1B6322D864DE00CFC19C /* MarketDetailsPage.swift */,
				87D83A9522D877C100D0E21D /* Models */,
				87D83AA322D87B0100D0E21D /* Resources */,
				8743846122D751FB003333C9 /* LaunchScreen.storyboard */,
				8743846422D751FB003333C9 /* Info.plist */,
				8743845E22D751FB003333C9 /* Preview Content */,
			);
			path = SuperMarkets;
			sourceTree = "<group>";
		};
		8743845E22D751FB003333C9 /* Preview Content */ = {
			isa = PBXGroup;
			children = (
				8743845F22D751FB003333C9 /* Preview Assets.xcassets */,
			);
			path = "Preview Content";
			sourceTree = "<group>";
		};
		8743846C22D751FB003333C9 /* SuperMarketsTests */ = {
			isa = PBXGroup;
			children = (
				8743846D22D751FB003333C9 /* SuperMarketsTests.swift */,
				8743846F22D751FB003333C9 /* Info.plist */,
			);
			path = SuperMarketsTests;
			sourceTree = "<group>";
		};
		8743847722D751FB003333C9 /* SuperMarketsUITests */ = {
			isa = PBXGroup;
			children = (
				8743847822D751FB003333C9 /* SuperMarketsUITests.swift */,
				8743847A22D751FB003333C9 /* Info.plist */,
			);
			path = SuperMarketsUITests;
			sourceTree = "<group>";
		};
		87D83A9522D877C100D0E21D /* Models */ = {
			isa = PBXGroup;
			children = (
				87D83A9D22D8788C00D0E21D /* Coordinate.swift */,
				87D83AA422D880C800D0E21D /* MarketsData.swift */,
				87D83A9C22D8788C00D0E21D /* MarketsModel.swift */,
			);
			path = Models;
			sourceTree = "<group>";
		};
		87D83AA322D87B0100D0E21D /* Resources */ = {
			isa = PBXGroup;
			children = (
				87D83AA222D878D000D0E21D /* MarketsModel.json */,
			);
			path = Resources;
			sourceTree = "<group>";
		};
		D5D0B7018BD2BC070C842F74 /* Pods */ = {
			isa = PBXGroup;
			children = (
				62A2BE4C4AA9428CB7313B4D /* Pods-SuperMarkets.debug.xcconfig */,
				2455C960975728D5E83FF75F /* Pods-SuperMarkets.release.xcconfig */,
				84A3C0F7E3880385D1AC0CF2 /* Pods-SuperMarketsTests.debug.xcconfig */,
				75259740294BCB75DF78D0AD /* Pods-SuperMarketsTests.release.xcconfig */,
				7957B4E0334D02930D5A8605 /* Pods-SuperMarketsUITests.debug.xcconfig */,
				04EAE0A8CB6E783B2628F17A /* Pods-SuperMarketsUITests.release.xcconfig */,
			);
			path = Pods;
			sourceTree = "<group>";
		};
/* End PBXGroup section */

/* Begin PBXNativeTarget section */
		8743845422D751FB003333C9 /* SuperMarkets */ = {
			isa = PBXNativeTarget;
			buildConfigurationList = 8743847D22D751FB003333C9 /* Build configuration list for PBXNativeTarget "SuperMarkets" */;
			buildPhases = (
				0013A438E07D3A1FA77EB3AA /* [CP] Check Pods Manifest.lock */,
				8743845122D751FB003333C9 /* Sources */,
				8743845222D751FB003333C9 /* Frameworks */,
				8743845322D751FB003333C9 /* Resources */,
				6F0716211656024B10BE6A70 /* [CP] Embed Pods Frameworks */,
			);
			buildRules = (
			);
			dependencies = (
			);
			name = SuperMarkets;
			productName = SuperMarkets;
			productReference = 8743845522D751FB003333C9 /* SuperMarkets.app */;
			productType = "com.apple.product-type.application";
		};
		8743846822D751FB003333C9 /* SuperMarketsTests */ = {
			isa = PBXNativeTarget;
			buildConfigurationList = 8743848022D751FB003333C9 /* Build configuration list for PBXNativeTarget "SuperMarketsTests" */;
			buildPhases = (
				2F0BA5F22B9EFB43E3C12FCF /* [CP] Check Pods Manifest.lock */,
				8743846522D751FB003333C9 /* Sources */,
				8743846622D751FB003333C9 /* Frameworks */,
				8743846722D751FB003333C9 /* Resources */,
			);
			buildRules = (
			);
			dependencies = (
				8743846B22D751FB003333C9 /* PBXTargetDependency */,
			);
			name = SuperMarketsTests;
			productName = SuperMarketsTests;
			productReference = 8743846922D751FB003333C9 /* SuperMarketsTests.xctest */;
			productType = "com.apple.product-type.bundle.unit-test";
		};
		8743847322D751FB003333C9 /* SuperMarketsUITests */ = {
			isa = PBXNativeTarget;
			buildConfigurationList = 8743848322D751FB003333C9 /* Build configuration list for PBXNativeTarget "SuperMarketsUITests" */;
			buildPhases = (
				C51493153F2FD866A68D3B34 /* [CP] Check Pods Manifest.lock */,
				8743847022D751FB003333C9 /* Sources */,
				8743847122D751FB003333C9 /* Frameworks */,
				8743847222D751FB003333C9 /* Resources */,
			);
			buildRules = (
			);
			dependencies = (
				8743847622D751FB003333C9 /* PBXTargetDependency */,
			);
			name = SuperMarketsUITests;
			productName = SuperMarketsUITests;
			productReference = 8743847422D751FB003333C9 /* SuperMarketsUITests.xctest */;
			productType = "com.apple.product-type.bundle.ui-testing";
		};
/* End PBXNativeTarget section */

/* Begin PBXProject section */
		8743844D22D751FB003333C9 /* Project object */ = {
			isa = PBXProject;
			attributes = {
				LastSwiftUpdateCheck = 1100;
				LastUpgradeCheck = 1100;
				ORGANIZATIONNAME = "MGA Bilisim";
				TargetAttributes = {
					8743845422D751FB003333C9 = {
						CreatedOnToolsVersion = 11.0;
					};
					8743846822D751FB003333C9 = {
						CreatedOnToolsVersion = 11.0;
						TestTargetID = 8743845422D751FB003333C9;
					};
					8743847322D751FB003333C9 = {
						CreatedOnToolsVersion = 11.0;
						TestTargetID = 8743845422D751FB003333C9;
					};
				};
			};
			buildConfigurationList = 8743845022D751FB003333C9 /* Build configuration list for PBXProject "SuperMarkets" */;
			compatibilityVersion = "Xcode 9.3";
			developmentRegion = en;
			hasScannedForEncodings = 0;
			knownRegions = (
				en,
				Base,
			);
			mainGroup = 8743844C22D751FB003333C9;
			productRefGroup = 8743845622D751FB003333C9 /* Products */;
			projectDirPath = "";
			projectRoot = "";
			targets = (
				8743845422D751FB003333C9 /* SuperMarkets */,
				8743846822D751FB003333C9 /* SuperMarketsTests */,
				8743847322D751FB003333C9 /* SuperMarketsUITests */,
			);
		};
/* End PBXProject section */

/* Begin PBXResourcesBuildPhase section */
		8743845322D751FB003333C9 /* Resources */ = {
			isa = PBXResourcesBuildPhase;
			buildActionMask = 2147483647;
			files = (
				8743846022D751FB003333C9 /* Preview Assets.xcassets in Resources */,
				8743846322D751FB003333C9 /* LaunchScreen.storyboard in Resources */,
			);
			runOnlyForDeploymentPostprocessing = 0;
		};
		8743846722D751FB003333C9 /* Resources */ = {
			isa = PBXResourcesBuildPhase;
			buildActionMask = 2147483647;
			files = (
			);
			runOnlyForDeploymentPostprocessing = 0;
		};
		8743847222D751FB003333C9 /* Resources */ = {
			isa = PBXResourcesBuildPhase;
			buildActionMask = 2147483647;
			files = (
			);
			runOnlyForDeploymentPostprocessing = 0;
		};
/* End PBXResourcesBuildPhase section */

/* Begin PBXShellScriptBuildPhase section */
		0013A438E07D3A1FA77EB3AA /* [CP] Check Pods Manifest.lock */ = {
			isa = PBXShellScriptBuildPhase;
			buildActionMask = 2147483647;
			files = (
			);
			inputFileListPaths = (
			);
			inputPaths = (
				"${PODS_PODFILE_DIR_PATH}/Podfile.lock",
				"${PODS_ROOT}/Manifest.lock",
			);
			name = "[CP] Check Pods Manifest.lock";
			outputFileListPaths = (
			);
			outputPaths = (
				"$(DERIVED_FILE_DIR)/Pods-SuperMarkets-checkManifestLockResult.txt",
			);
			runOnlyForDeploymentPostprocessing = 0;
			shellPath = /bin/sh;
			shellScript = "diff \"${PODS_PODFILE_DIR_PATH}/Podfile.lock\" \"${PODS_ROOT}/Manifest.lock\" > /dev/null\nif [ $? != 0 ] ; then\n    # print error to STDERR\n    echo \"error: The sandbox is not in sync with the Podfile.lock. Run 'pod install' or update your CocoaPods installation.\" >&2\n    exit 1\nfi\n# This output is used by Xcode 'outputs' to avoid re-running this script phase.\necho \"SUCCESS\" > \"${SCRIPT_OUTPUT_FILE_0}\"\n";
			showEnvVarsInLog = 0;
		};
		2F0BA5F22B9EFB43E3C12FCF /* [CP] Check Pods Manifest.lock */ = {
			isa = PBXShellScriptBuildPhase;
			buildActionMask = 2147483647;
			files = (
			);
			inputFileListPaths = (
			);
			inputPaths = (
				"${PODS_PODFILE_DIR_PATH}/Podfile.lock",
				"${PODS_ROOT}/Manifest.lock",
			);
			name = "[CP] Check Pods Manifest.lock";
			outputFileListPaths = (
			);
			outputPaths = (
				"$(DERIVED_FILE_DIR)/Pods-SuperMarketsTests-checkManifestLockResult.txt",
			);
			runOnlyForDeploymentPostprocessing = 0;
			shellPath = /bin/sh;
			shellScript = "diff \"${PODS_PODFILE_DIR_PATH}/Podfile.lock\" \"${PODS_ROOT}/Manifest.lock\" > /dev/null\nif [ $? != 0 ] ; then\n    # print error to STDERR\n    echo \"error: The sandbox is not in sync with the Podfile.lock. Run 'pod install' or update your CocoaPods installation.\" >&2\n    exit 1\nfi\n# This output is used by Xcode 'outputs' to avoid re-running this script phase.\necho \"SUCCESS\" > \"${SCRIPT_OUTPUT_FILE_0}\"\n";
			showEnvVarsInLog = 0;
		};
		6F0716211656024B10BE6A70 /* [CP] Embed Pods Frameworks */ = {
			isa = PBXShellScriptBuildPhase;
			buildActionMask = 2147483647;
			files = (
			);
			inputFileListPaths = (
				"${PODS_ROOT}/Target Support Files/Pods-SuperMarkets/Pods-SuperMarkets-frameworks-${CONFIGURATION}-input-files.xcfilelist",
			);
			name = "[CP] Embed Pods Frameworks";
			outputFileListPaths = (
				"${PODS_ROOT}/Target Support Files/Pods-SuperMarkets/Pods-SuperMarkets-frameworks-${CONFIGURATION}-output-files.xcfilelist",
			);
			runOnlyForDeploymentPostprocessing = 0;
			shellPath = /bin/sh;
			shellScript = "\"${PODS_ROOT}/Target Support Files/Pods-SuperMarkets/Pods-SuperMarkets-frameworks.sh\"\n";
			showEnvVarsInLog = 0;
		};
		C51493153F2FD866A68D3B34 /* [CP] Check Pods Manifest.lock */ = {
			isa = PBXShellScriptBuildPhase;
			buildActionMask = 2147483647;
			files = (
			);
			inputFileListPaths = (
			);
			inputPaths = (
				"${PODS_PODFILE_DIR_PATH}/Podfile.lock",
				"${PODS_ROOT}/Manifest.lock",
			);
			name = "[CP] Check Pods Manifest.lock";
			outputFileListPaths = (
			);
			outputPaths = (
				"$(DERIVED_FILE_DIR)/Pods-SuperMarketsUITests-checkManifestLockResult.txt",
			);
			runOnlyForDeploymentPostprocessing = 0;
			shellPath = /bin/sh;
			shellScript = "diff \"${PODS_PODFILE_DIR_PATH}/Podfile.lock\" \"${PODS_ROOT}/Manifest.lock\" > /dev/null\nif [ $? != 0 ] ; then\n    # print error to STDERR\n    echo \"error: The sandbox is not in sync with the Podfile.lock. Run 'pod install' or update your CocoaPods installation.\" >&2\n    exit 1\nfi\n# This output is used by Xcode 'outputs' to avoid re-running this script phase.\necho \"SUCCESS\" > \"${SCRIPT_OUTPUT_FILE_0}\"\n";
			showEnvVarsInLog = 0;
		};
/* End PBXShellScriptBuildPhase section */

/* Begin PBXSourcesBuildPhase section */
		8743845122D751FB003333C9 /* Sources */ = {
			isa = PBXSourcesBuildPhase;
			buildActionMask = 2147483647;
			files = (
				8743845922D751FB003333C9 /* AppDelegate.swift in Sources */,
				87D83A9F22D8788C00D0E21D /* MarketsModel.swift in Sources */,
				87FF1B6422D864DE00CFC19C /* MarketDetailsPage.swift in Sources */,
				8743845B22D751FB003333C9 /* SceneDelegate.swift in Sources */,
				8743845D22D751FB003333C9 /* HomePage.swift in Sources */,
				87D83AA022D8788C00D0E21D /* Coordinate.swift in Sources */,
				87D83AA522D880C800D0E21D /* MarketsData.swift in Sources */,
			);
			runOnlyForDeploymentPostprocessing = 0;
		};
		8743846522D751FB003333C9 /* Sources */ = {
			isa = PBXSourcesBuildPhase;
			buildActionMask = 2147483647;
			files = (
				8743846E22D751FB003333C9 /* SuperMarketsTests.swift in Sources */,
			);
			runOnlyForDeploymentPostprocessing = 0;
		};
		8743847022D751FB003333C9 /* Sources */ = {
			isa = PBXSourcesBuildPhase;
			buildActionMask = 2147483647;
			files = (
				8743847922D751FB003333C9 /* SuperMarketsUITests.swift in Sources */,
			);
			runOnlyForDeploymentPostprocessing = 0;
		};
/* End PBXSourcesBuildPhase section */

/* Begin PBXTargetDependency section */
		8743846B22D751FB003333C9 /* PBXTargetDependency */ = {
			isa = PBXTargetDependency;
			target = 8743845422D751FB003333C9 /* SuperMarkets */;
			targetProxy = 8743846A22D751FB003333C9 /* PBXContainerItemProxy */;
		};
		8743847622D751FB003333C9 /* PBXTargetDependency */ = {
			isa = PBXTargetDependency;
			target = 8743845422D751FB003333C9 /* SuperMarkets */;
			targetProxy = 8743847522D751FB003333C9 /* PBXContainerItemProxy */;
		};
/* End PBXTargetDependency section */

/* Begin PBXVariantGroup section */
		8743846122D751FB003333C9 /* LaunchScreen.storyboard */ = {
			isa = PBXVariantGroup;
			children = (
				8743846222D751FB003333C9 /* Base */,
			);
			name = LaunchScreen.storyboard;
			sourceTree = "<group>";
		};
/* End PBXVariantGroup section */

/* Begin XCBuildConfiguration section */
		8743847B22D751FB003333C9 /* Debug */ = {
			isa = XCBuildConfiguration;
			buildSettings = {
				ALWAYS_SEARCH_USER_PATHS = NO;
				CLANG_ANALYZER_NONNULL = YES;
				CLANG_ANALYZER_NUMBER_OBJECT_CONVERSION = YES_AGGRESSIVE;
				CLANG_CXX_LANGUAGE_STANDARD = "gnu++14";
				CLANG_CXX_LIBRARY = "libc++";
				CLANG_ENABLE_MODULES = YES;
				CLANG_ENABLE_OBJC_ARC = YES;
				CLANG_ENABLE_OBJC_WEAK = YES;
				CLANG_WARN_BLOCK_CAPTURE_AUTORELEASING = YES;
				CLANG_WARN_BOOL_CONVERSION = YES;
				CLANG_WARN_COMMA = YES;
				CLANG_WARN_CONSTANT_CONVERSION = YES;
				CLANG_WARN_DEPRECATED_OBJC_IMPLEMENTATIONS = YES;
				CLANG_WARN_DIRECT_OBJC_ISA_USAGE = YES_ERROR;
				CLANG_WARN_DOCUMENTATION_COMMENTS = YES;
				CLANG_WARN_EMPTY_BODY = YES;
				CLANG_WARN_ENUM_CONVERSION = YES;
				CLANG_WARN_INFINITE_RECURSION = YES;
				CLANG_WARN_INT_CONVERSION = YES;
				CLANG_WARN_NON_LITERAL_NULL_CONVERSION = YES;
				CLANG_WARN_OBJC_IMPLICIT_RETAIN_SELF = YES;
				CLANG_WARN_OBJC_LITERAL_CONVERSION = YES;
				CLANG_WARN_OBJC_ROOT_CLASS = YES_ERROR;
				CLANG_WARN_RANGE_LOOP_ANALYSIS = YES;
				CLANG_WARN_STRICT_PROTOTYPES = YES;
				CLANG_WARN_SUSPICIOUS_MOVE = YES;
				CLANG_WARN_UNGUARDED_AVAILABILITY = YES_AGGRESSIVE;
				CLANG_WARN_UNREACHABLE_CODE = YES;
				CLANG_WARN__DUPLICATE_METHOD_MATCH = YES;
				COPY_PHASE_STRIP = NO;
				DEBUG_INFORMATION_FORMAT = dwarf;
				ENABLE_STRICT_OBJC_MSGSEND = YES;
				ENABLE_TESTABILITY = YES;
				GCC_C_LANGUAGE_STANDARD = gnu11;
				GCC_DYNAMIC_NO_PIC = NO;
				GCC_NO_COMMON_BLOCKS = YES;
				GCC_OPTIMIZATION_LEVEL = 0;
				GCC_PREPROCESSOR_DEFINITIONS = (
					"DEBUG=1",
					"$(inherited)",
				);
				GCC_WARN_64_TO_32_BIT_CONVERSION = YES;
				GCC_WARN_ABOUT_RETURN_TYPE = YES_ERROR;
				GCC_WARN_UNDECLARED_SELECTOR = YES;
				GCC_WARN_UNINITIALIZED_AUTOS = YES_AGGRESSIVE;
				GCC_WARN_UNUSED_FUNCTION = YES;
				GCC_WARN_UNUSED_VARIABLE = YES;
				IPHONEOS_DEPLOYMENT_TARGET = 13.0;
				MTL_ENABLE_DEBUG_INFO = INCLUDE_SOURCE;
				MTL_FAST_MATH = YES;
				ONLY_ACTIVE_ARCH = YES;
				SDKROOT = iphoneos;
				SWIFT_ACTIVE_COMPILATION_CONDITIONS = DEBUG;
				SWIFT_OPTIMIZATION_LEVEL = "-Onone";
			};
			name = Debug;
		};
		8743847C22D751FB003333C9 /* Release */ = {
			isa = XCBuildConfiguration;
			buildSettings = {
				ALWAYS_SEARCH_USER_PATHS = NO;
				CLANG_ANALYZER_NONNULL = YES;
				CLANG_ANALYZER_NUMBER_OBJECT_CONVERSION = YES_AGGRESSIVE;
				CLANG_CXX_LANGUAGE_STANDARD = "gnu++14";
				CLANG_CXX_LIBRARY = "libc++";
				CLANG_ENABLE_MODULES = YES;
				CLANG_ENABLE_OBJC_ARC = YES;
				CLANG_ENABLE_OBJC_WEAK = YES;
				CLANG_WARN_BLOCK_CAPTURE_AUTORELEASING = YES;
				CLANG_WARN_BOOL_CONVERSION = YES;
				CLANG_WARN_COMMA = YES;
				CLANG_WARN_CONSTANT_CONVERSION = YES;
				CLANG_WARN_DEPRECATED_OBJC_IMPLEMENTATIONS = YES;
				CLANG_WARN_DIRECT_OBJC_ISA_USAGE = YES_ERROR;
				CLANG_WARN_DOCUMENTATION_COMMENTS = YES;
				CLANG_WARN_EMPTY_BODY = YES;
				CLANG_WARN_ENUM_CONVERSION = YES;
				CLANG_WARN_INFINITE_RECURSION = YES;
				CLANG_WARN_INT_CONVERSION = YES;
				CLANG_WARN_NON_LITERAL_NULL_CONVERSION = YES;
				CLANG_WARN_OBJC_IMPLICIT_RETAIN_SELF = YES;
				CLANG_WARN_OBJC_LITERAL_CONVERSION = YES;
				CLANG_WARN_OBJC_ROOT_CLASS = YES_ERROR;
				CLANG_WARN_RANGE_LOOP_ANALYSIS = YES;
				CLANG_WARN_STRICT_PROTOTYPES = YES;
				CLANG_WARN_SUSPICIOUS_MOVE = YES;
				CLANG_WARN_UNGUARDED_AVAILABILITY = YES_AGGRESSIVE;
				CLANG_WARN_UNREACHABLE_CODE = YES;
				CLANG_WARN__DUPLICATE_METHOD_MATCH = YES;
				COPY_PHASE_STRIP = NO;
				DEBUG_INFORMATION_FORMAT = "dwarf-with-dsym";
				ENABLE_NS_ASSERTIONS = NO;
				ENABLE_STRICT_OBJC_MSGSEND = YES;
				GCC_C_LANGUAGE_STANDARD = gnu11;
				GCC_NO_COMMON_BLOCKS = YES;
				GCC_WARN_64_TO_32_BIT_CONVERSION = YES;
				GCC_WARN_ABOUT_RETURN_TYPE = YES_ERROR;
				GCC_WARN_UNDECLARED_SELECTOR = YES;
				GCC_WARN_UNINITIALIZED_AUTOS = YES_AGGRESSIVE;
				GCC_WARN_UNUSED_FUNCTION = YES;
				GCC_WARN_UNUSED_VARIABLE = YES;
				IPHONEOS_DEPLOYMENT_TARGET = 13.0;
				MTL_ENABLE_DEBUG_INFO = NO;
				MTL_FAST_MATH = YES;
				SDKROOT = iphoneos;
				SWIFT_COMPILATION_MODE = wholemodule;
				SWIFT_OPTIMIZATION_LEVEL = "-O";
				VALIDATE_PRODUCT = YES;
			};
			name = Release;
		};
		8743847E22D751FB003333C9 /* Debug */ = {
			isa = XCBuildConfiguration;
			baseConfigurationReference = 62A2BE4C4AA9428CB7313B4D /* Pods-SuperMarkets.debug.xcconfig */;
			buildSettings = {
				ASSETCATALOG_COMPILER_APPICON_NAME = AppIcon;
				CODE_SIGN_ENTITLEMENTS = SuperMarkets/SuperMarkets.entitlements;
				CODE_SIGN_STYLE = Automatic;
				DERIVE_UIKITFORMAC_PRODUCT_BUNDLE_IDENTIFIER = YES;
				DEVELOPMENT_ASSET_PATHS = "SuperMarkets/Preview\\ Content";
				DEVELOPMENT_TEAM = Q8XE645338;
				ENABLE_PREVIEWS = YES;
				INFOPLIST_FILE = SuperMarkets/Info.plist;
				LD_RUNPATH_SEARCH_PATHS = (
					"$(inherited)",
					"@executable_path/Frameworks",
				);
				PRODUCT_BUNDLE_IDENTIFIER = MGA.SuperMarkets;
				PRODUCT_NAME = "$(TARGET_NAME)";
				SUPPORTS_UIKITFORMAC = YES;
				SWIFT_VERSION = 5.0;
				TARGETED_DEVICE_FAMILY = "1,2";
			};
			name = Debug;
		};
		8743847F22D751FB003333C9 /* Release */ = {
			isa = XCBuildConfiguration;
			baseConfigurationReference = 2455C960975728D5E83FF75F /* Pods-SuperMarkets.release.xcconfig */;
			buildSettings = {
				ASSETCATALOG_COMPILER_APPICON_NAME = AppIcon;
				CODE_SIGN_ENTITLEMENTS = SuperMarkets/SuperMarkets.entitlements;
				CODE_SIGN_STYLE = Automatic;
				DERIVE_UIKITFORMAC_PRODUCT_BUNDLE_IDENTIFIER = YES;
				DEVELOPMENT_ASSET_PATHS = "SuperMarkets/Preview\\ Content";
				DEVELOPMENT_TEAM = Q8XE645338;
				ENABLE_PREVIEWS = YES;
				INFOPLIST_FILE = SuperMarkets/Info.plist;
				LD_RUNPATH_SEARCH_PATHS = (
					"$(inherited)",
					"@executable_path/Frameworks",
				);
				PRODUCT_BUNDLE_IDENTIFIER = MGA.SuperMarkets;
				PRODUCT_NAME = "$(TARGET_NAME)";
				SUPPORTS_UIKITFORMAC = YES;
				SWIFT_VERSION = 5.0;
				TARGETED_DEVICE_FAMILY = "1,2";
			};
			name = Release;
		};
		8743848122D751FB003333C9 /* Debug */ = {
			isa = XCBuildConfiguration;
			baseConfigurationReference = 84A3C0F7E3880385D1AC0CF2 /* Pods-SuperMarketsTests.debug.xcconfig */;
			buildSettings = {
				ALWAYS_EMBED_SWIFT_STANDARD_LIBRARIES = YES;
				BUNDLE_LOADER = "$(TEST_HOST)";
				CODE_SIGN_STYLE = Automatic;
				DEVELOPMENT_TEAM = Q8XE645338;
				INFOPLIST_FILE = SuperMarketsTests/Info.plist;
				LD_RUNPATH_SEARCH_PATHS = (
					"$(inherited)",
					"@executable_path/Frameworks",
					"@loader_path/Frameworks",
				);
				PRODUCT_BUNDLE_IDENTIFIER = MGA.SuperMarketsTests;
				PRODUCT_NAME = "$(TARGET_NAME)";
				SWIFT_VERSION = 5.0;
				TARGETED_DEVICE_FAMILY = "1,2";
				TEST_HOST = "$(BUILT_PRODUCTS_DIR)/SuperMarkets.app/SuperMarkets";
			};
			name = Debug;
		};
		8743848222D751FB003333C9 /* Release */ = {
			isa = XCBuildConfiguration;
			baseConfigurationReference = 75259740294BCB75DF78D0AD /* Pods-SuperMarketsTests.release.xcconfig */;
			buildSettings = {
				ALWAYS_EMBED_SWIFT_STANDARD_LIBRARIES = YES;
				BUNDLE_LOADER = "$(TEST_HOST)";
				CODE_SIGN_STYLE = Automatic;
				DEVELOPMENT_TEAM = Q8XE645338;
				INFOPLIST_FILE = SuperMarketsTests/Info.plist;
				LD_RUNPATH_SEARCH_PATHS = (
					"$(inherited)",
					"@executable_path/Frameworks",
					"@loader_path/Frameworks",
				);
				PRODUCT_BUNDLE_IDENTIFIER = MGA.SuperMarketsTests;
				PRODUCT_NAME = "$(TARGET_NAME)";
				SWIFT_VERSION = 5.0;
				TARGETED_DEVICE_FAMILY = "1,2";
				TEST_HOST = "$(BUILT_PRODUCTS_DIR)/SuperMarkets.app/SuperMarkets";
			};
			name = Release;
		};
		8743848422D751FB003333C9 /* Debug */ = {
			isa = XCBuildConfiguration;
			baseConfigurationReference = 7957B4E0334D02930D5A8605 /* Pods-SuperMarketsUITests.debug.xcconfig */;
			buildSettings = {
				ALWAYS_EMBED_SWIFT_STANDARD_LIBRARIES = YES;
				CODE_SIGN_STYLE = Automatic;
				DEVELOPMENT_TEAM = Q8XE645338;
				INFOPLIST_FILE = SuperMarketsUITests/Info.plist;
				LD_RUNPATH_SEARCH_PATHS = (
					"$(inherited)",
					"@executable_path/Frameworks",
					"@loader_path/Frameworks",
				);
				PRODUCT_BUNDLE_IDENTIFIER = MGA.SuperMarketsUITests;
				PRODUCT_NAME = "$(TARGET_NAME)";
				SWIFT_VERSION = 5.0;
				TARGETED_DEVICE_FAMILY = "1,2";
				TEST_TARGET_NAME = SuperMarkets;
			};
			name = Debug;
		};
		8743848522D751FB003333C9 /* Release */ = {
			isa = XCBuildConfiguration;
			baseConfigurationReference = 04EAE0A8CB6E783B2628F17A /* Pods-SuperMarketsUITests.release.xcconfig */;
			buildSettings = {
				ALWAYS_EMBED_SWIFT_STANDARD_LIBRARIES = YES;
				CODE_SIGN_STYLE = Automatic;
				DEVELOPMENT_TEAM = Q8XE645338;
				INFOPLIST_FILE = SuperMarketsUITests/Info.plist;
				LD_RUNPATH_SEARCH_PATHS = (
					"$(inherited)",
					"@executable_path/Frameworks",
					"@loader_path/Frameworks",
				);
				PRODUCT_BUNDLE_IDENTIFIER = MGA.SuperMarketsUITests;
				PRODUCT_NAME = "$(TARGET_NAME)";
				SWIFT_VERSION = 5.0;
				TARGETED_DEVICE_FAMILY = "1,2";
				TEST_TARGET_NAME = SuperMarkets;
			};
			name = Release;
		};
/* End XCBuildConfiguration section */

/* Begin XCConfigurationList section */
		8743845022D751FB003333C9 /* Build configuration list for PBXProject "SuperMarkets" */ = {
			isa = XCConfigurationList;
			buildConfigurations = (
				8743847B22D751FB003333C9 /* Debug */,
				8743847C22D751FB003333C9 /* Release */,
			);
			defaultConfigurationIsVisible = 0;
			defaultConfigurationName = Release;
		};
		8743847D22D751FB003333C9 /* Build configuration list for PBXNativeTarget "SuperMarkets" */ = {
			isa = XCConfigurationList;
			buildConfigurations = (
				8743847E22D751FB003333C9 /* Debug */,
				8743847F22D751FB003333C9 /* Release */,
			);
			defaultConfigurationIsVisible = 0;
			defaultConfigurationName = Release;
		};
		8743848022D751FB003333C9 /* Build configuration list for PBXNativeTarget "SuperMarketsTests" */ = {
			isa = XCConfigurationList;
			buildConfigurations = (
				8743848122D751FB003333C9 /* Debug */,
				8743848222D751FB003333C9 /* Release */,
			);
			defaultConfigurationIsVisible = 0;
			defaultConfigurationName = Release;
		};
		8743848322D751FB003333C9 /* Build configuration list for PBXNativeTarget "SuperMarketsUITests" */ = {
			isa = XCConfigurationList;
			buildConfigurations = (
				8743848422D751FB003333C9 /* Debug */,
				8743848522D751FB003333C9 /* Release */,
			);
			defaultConfigurationIsVisible = 0;
			defaultConfigurationName = Release;
		};
/* End XCConfigurationList section */
	};
	rootObject = 8743844D22D751FB003333C9 /* Project object */;
}
